
Microsoft Visual Studio Solution File, Format Version 12.00
# Visual Studio Version 17
VisualStudioVersion = 17.2.32616.157
MinimumVisualStudioVersion = 10.0.40219.1
Project("{FAE04EC0-301F-11D3-BF4B-00C04F79EFBC}") = "Timer", "Timer.csproj", "{BD49143B-CE3E-44A2-BD8D-C4D50AE97B56}"
EndProject
Global
	GlobalSection(SolutionConfigurationPlatforms) = preSolution
		Debug|Any CPU = Debug|Any CPU
		Release|Any CPU = Release|Any CPU
	EndGlobalSection
	GlobalSection(ProjectConfigurationPlatforms) = postSolution
		{BD49143B-CE3E-44A2-BD8D-C4D50AE97B56}.Debug|Any CPU.ActiveCfg = Debug|Any CPU
		{BD49143B-CE3E-44A2-BD8D-C4D50AE97B56}.Debug|Any CPU.Build.0 = Debug|Any CPU
		{BD49143B-CE3E-44A2-BD8D-C4D50AE97B56}.Release|Any CPU.ActiveCfg = Release|Any CPU
		{BD49143B-CE3E-44A2-BD8D-C4D50AE97B56}.Release|Any CPU.Build.0 = Release|Any CPU
	EndGlobalSection
	GlobalSection(SolutionProperties) = preSolution
		HideSolutionNode = FALSE
	EndGlobalSection
	GlobalSection(ExtensibilityGlobals) = postSolution
		SolutionGuid = {0F676377-066C-4734-B7BD-3938F6C8A999}
	EndGlobalSection
EndGlobal
